// !$*UTF8*$!
{
	archiveVersion = 1;
	classes = {
	};
	objectVersion = 50;
	objects = {

/* Begin PBXBuildFile section */
		28ED0E264C159DC558FADF85 /* Pods_Get_Shit_Done.framework in Frameworks */ = {isa = PBXBuildFile; fileRef = 3292C76F4D31C179F509A9E4 /* Pods_Get_Shit_Done.framework */; };
		7A026A7E209BD7D200479E65 /* AppDelegate.swift in Sources */ = {isa = PBXBuildFile; fileRef = 7A026A7D209BD7D200479E65 /* AppDelegate.swift */; };
		7A026A80209BD7D200479E65 /* TodoListViewController.swift in Sources */ = {isa = PBXBuildFile; fileRef = 7A026A7F209BD7D200479E65 /* TodoListViewController.swift */; };
		7A026A83209BD7D200479E65 /* Main.storyboard in Resources */ = {isa = PBXBuildFile; fileRef = 7A026A81209BD7D200479E65 /* Main.storyboard */; };
		7A026A85209BD7D500479E65 /* Assets.xcassets in Resources */ = {isa = PBXBuildFile; fileRef = 7A026A84209BD7D500479E65 /* Assets.xcassets */; };
		7A026A88209BD7D500479E65 /* LaunchScreen.storyboard in Resources */ = {isa = PBXBuildFile; fileRef = 7A026A86209BD7D500479E65 /* LaunchScreen.storyboard */; };
		7A459FF920BD20B200AA63FA /* Item.swift in Sources */ = {isa = PBXBuildFile; fileRef = 7A459FF820BD20B200AA63FA /* Item.swift */; };
		7A459FFB20BD20BC00AA63FA /* Category.swift in Sources */ = {isa = PBXBuildFile; fileRef = 7A459FFA20BD20BC00AA63FA /* Category.swift */; };
		7A6A357120AD7F0400559BA4 /* CategoryViewController.swift in Sources */ = {isa = PBXBuildFile; fileRef = 7A6A357020AD7F0400559BA4 /* CategoryViewController.swift */; };
/* End PBXBuildFile section */

/* Begin PBXFileReference section */
		3292C76F4D31C179F509A9E4 /* Pods_Get_Shit_Done.framework */ = {isa = PBXFileReference; explicitFileType = wrapper.framework; includeInIndex = 0; path = Pods_Get_Shit_Done.framework; sourceTree = BUILT_PRODUCTS_DIR; };
		531E7FF44977F7BABF4E22BB /* Pods-Get Shit Done.release.xcconfig */ = {isa = PBXFileReference; includeInIndex = 1; lastKnownFileType = text.xcconfig; name = "Pods-Get Shit Done.release.xcconfig"; path = "Pods/Target Support Files/Pods-Get Shit Done/Pods-Get Shit Done.release.xcconfig"; sourceTree = "<group>"; };
		7A026A7A209BD7D200479E65 /* Get Shit Done.app */ = {isa = PBXFileReference; explicitFileType = wrapper.application; includeInIndex = 0; path = "Get Shit Done.app"; sourceTree = BUILT_PRODUCTS_DIR; };
		7A026A7D209BD7D200479E65 /* AppDelegate.swift */ = {isa = PBXFileReference; lastKnownFileType = sourcecode.swift; path = AppDelegate.swift; sourceTree = "<group>"; };
		7A026A7F209BD7D200479E65 /* TodoListViewController.swift */ = {isa = PBXFileReference; lastKnownFileType = sourcecode.swift; path = TodoListViewController.swift; sourceTree = "<group>"; };
		7A026A82209BD7D200479E65 /* Base */ = {isa = PBXFileReference; lastKnownFileType = file.storyboard; name = Base; path = Base.lproj/Main.storyboard; sourceTree = "<group>"; };
		7A026A84209BD7D500479E65 /* Assets.xcassets */ = {isa = PBXFileReference; lastKnownFileType = folder.assetcatalog; path = Assets.xcassets; sourceTree = "<group>"; };
		7A026A87209BD7D500479E65 /* Base */ = {isa = PBXFileReference; lastKnownFileType = file.storyboard; name = Base; path = Base.lproj/LaunchScreen.storyboard; sourceTree = "<group>"; };
		7A026A89209BD7D500479E65 /* Info.plist */ = {isa = PBXFileReference; lastKnownFileType = text.plist.xml; path = Info.plist; sourceTree = "<group>"; };
		7A459FF820BD20B200AA63FA /* Item.swift */ = {isa = PBXFileReference; lastKnownFileType = sourcecode.swift; path = Item.swift; sourceTree = "<group>"; };
		7A459FFA20BD20BC00AA63FA /* Category.swift */ = {isa = PBXFileReference; lastKnownFileType = sourcecode.swift; path = Category.swift; sourceTree = "<group>"; };
		7A6A357020AD7F0400559BA4 /* CategoryViewController.swift */ = {isa = PBXFileReference; lastKnownFileType = sourcecode.swift; path = CategoryViewController.swift; sourceTree = "<group>"; };
		8464F08CF7C86E3240352592 /* Pods-Get Shit Done.debug.xcconfig */ = {isa = PBXFileReference; includeInIndex = 1; lastKnownFileType = text.xcconfig; name = "Pods-Get Shit Done.debug.xcconfig"; path = "Pods/Target Support Files/Pods-Get Shit Done/Pods-Get Shit Done.debug.xcconfig"; sourceTree = "<group>"; };
/* End PBXFileReference section */

/* Begin PBXFrameworksBuildPhase section */
		7A026A77209BD7D200479E65 /* Frameworks */ = {
			isa = PBXFrameworksBuildPhase;
			buildActionMask = 2147483647;
			files = (
				28ED0E264C159DC558FADF85 /* Pods_Get_Shit_Done.framework in Frameworks */,
			);
			runOnlyForDeploymentPostprocessing = 0;
		};
/* End PBXFrameworksBuildPhase section */

/* Begin PBXGroup section */
		12C7CE2524248F269BD81FEF /* Frameworks */ = {
			isa = PBXGroup;
			children = (
				3292C76F4D31C179F509A9E4 /* Pods_Get_Shit_Done.framework */,
			);
			name = Frameworks;
			sourceTree = "<group>";
		};
		7A026A71209BD7D200479E65 = {
			isa = PBXGroup;
			children = (
				7A026A7C209BD7D200479E65 /* Get Shit Done */,
				7A026A7B209BD7D200479E65 /* Products */,
				98B0338FCF848EE35EE8E8C2 /* Pods */,
				12C7CE2524248F269BD81FEF /* Frameworks */,
			);
			sourceTree = "<group>";
		};
		7A026A7B209BD7D200479E65 /* Products */ = {
			isa = PBXGroup;
			children = (
				7A026A7A209BD7D200479E65 /* Get Shit Done.app */,
			);
			name = Products;
			sourceTree = "<group>";
		};
		7A026A7C209BD7D200479E65 /* Get Shit Done */ = {
			isa = PBXGroup;
			children = (
				7A026A7D209BD7D200479E65 /* AppDelegate.swift */,
				7A026AB420A14CA600479E65 /* Controllers */,
				7A026AB520A14CAD00479E65 /* Views */,
				7A026AB620A14CB400479E65 /* Data Model */,
				7A026AB720A14CC800479E65 /* Supporting Files */,
				7A026A89209BD7D500479E65 /* Info.plist */,
			);
			path = "Get Shit Done";
			sourceTree = "<group>";
		};
		7A026AB420A14CA600479E65 /* Controllers */ = {
			isa = PBXGroup;
			children = (
				7A6A357020AD7F0400559BA4 /* CategoryViewController.swift */,
				7A026A7F209BD7D200479E65 /* TodoListViewController.swift */,
			);
			path = Controllers;
			sourceTree = "<group>";
		};
		7A026AB520A14CAD00479E65 /* Views */ = {
			isa = PBXGroup;
			children = (
				7A026A81209BD7D200479E65 /* Main.storyboard */,
			);
			path = Views;
			sourceTree = "<group>";
		};
		7A026AB620A14CB400479E65 /* Data Model */ = {
			isa = PBXGroup;
			children = (
				7A459FFA20BD20BC00AA63FA /* Category.swift */,
				7A459FF820BD20B200AA63FA /* Item.swift */,
			);
			path = "Data Model";
			sourceTree = "<group>";
		};
		7A026AB720A14CC800479E65 /* Supporting Files */ = {
			isa = PBXGroup;
			children = (
				7A026A84209BD7D500479E65 /* Assets.xcassets */,
				7A026A86209BD7D500479E65 /* LaunchScreen.storyboard */,
			);
			path = "Supporting Files";
			sourceTree = "<group>";
		};
		98B0338FCF848EE35EE8E8C2 /* Pods */ = {
			isa = PBXGroup;
			children = (
				8464F08CF7C86E3240352592 /* Pods-Get Shit Done.debug.xcconfig */,
				531E7FF44977F7BABF4E22BB /* Pods-Get Shit Done.release.xcconfig */,
			);
			name = Pods;
			sourceTree = "<group>";
		};
/* End PBXGroup section */

/* Begin PBXNativeTarget section */
		7A026A79209BD7D200479E65 /* Get Shit Done */ = {
			isa = PBXNativeTarget;
			buildConfigurationList = 7A026A8C209BD7D500479E65 /* Build configuration list for PBXNativeTarget "Get Shit Done" */;
			buildPhases = (
				9BADD446533403F0ABD4A193 /* [CP] Check Pods Manifest.lock */,
				7A026A76209BD7D200479E65 /* Sources */,
				7A026A77209BD7D200479E65 /* Frameworks */,
				7A026A78209BD7D200479E65 /* Resources */,
				67C29DB7A1877ABE93676917 /* [CP] Embed Pods Frameworks */,
			);
			buildRules = (
			);
			dependencies = (
			);
			name = "Get Shit Done";
			productName = "Get Shit Done";
			productReference = 7A026A7A209BD7D200479E65 /* Get Shit Done.app */;
			productType = "com.apple.product-type.application";
		};
/* End PBXNativeTarget section */

/* Begin PBXProject section */
		7A026A72209BD7D200479E65 /* Project object */ = {
			isa = PBXProject;
			attributes = {
				LastSwiftUpdateCheck = 0930;
				LastUpgradeCheck = 0930;
				ORGANIZATIONNAME = "Madison Stanford-Geromel";
				TargetAttributes = {
					7A026A79209BD7D200479E65 = {
						CreatedOnToolsVersion = 9.3;
					};
				};
			};
			buildConfigurationList = 7A026A75209BD7D200479E65 /* Build configuration list for PBXProject "Get Shit Done" */;
			compatibilityVersion = "Xcode 9.3";
			developmentRegion = en;
			hasScannedForEncodings = 0;
			knownRegions = (
				en,
				Base,
			);
			mainGroup = 7A026A71209BD7D200479E65;
			productRefGroup = 7A026A7B209BD7D200479E65 /* Products */;
			projectDirPath = "";
			projectRoot = "";
			targets = (
				7A026A79209BD7D200479E65 /* Get Shit Done */,
			);
		};
/* End PBXProject section */

/* Begin PBXResourcesBuildPhase section */
		7A026A78209BD7D200479E65 /* Resources */ = {
			isa = PBXResourcesBuildPhase;
			buildActionMask = 2147483647;
			files = (
				7A026A88209BD7D500479E65 /* LaunchScreen.storyboard in Resources */,
				7A026A85209BD7D500479E65 /* Assets.xcassets in Resources */,
				7A026A83209BD7D200479E65 /* Main.storyboard in Resources */,
			);
			runOnlyForDeploymentPostprocessing = 0;
		};
/* End PBXResourcesBuildPhase section */

/* Begin PBXShellScriptBuildPhase section */
		67C29DB7A1877ABE93676917 /* [CP] Embed Pods Frameworks */ = {
			isa = PBXShellScriptBuildPhase;
			buildActionMask = 2147483647;
			files = (
			);
			inputPaths = (
				"${SRCROOT}/Pods/Target Support Files/Pods-Get Shit Done/Pods-Get Shit Done-frameworks.sh",
				"${BUILT_PRODUCTS_DIR}/Realm/Realm.framework",
				"${BUILT_PRODUCTS_DIR}/RealmSwift/RealmSwift.framework",
			);
			name = "[CP] Embed Pods Frameworks";
			outputPaths = (
				"${TARGET_BUILD_DIR}/${FRAMEWORKS_FOLDER_PATH}/Realm.framework",
				"${TARGET_BUILD_DIR}/${FRAMEWORKS_FOLDER_PATH}/RealmSwift.framework",
			);
			runOnlyForDeploymentPostprocessing = 0;
			shellPath = /bin/sh;
			shellScript = "\"${SRCROOT}/Pods/Target Support Files/Pods-Get Shit Done/Pods-Get Shit Done-frameworks.sh\"\n";
			showEnvVarsInLog = 0;
		};
		9BADD446533403F0ABD4A193 /* [CP] Check Pods Manifest.lock */ = {
			isa = PBXShellScriptBuildPhase;
			buildActionMask = 2147483647;
			files = (
			);
			inputPaths = (
				"${PODS_PODFILE_DIR_PATH}/Podfile.lock",
				"${PODS_ROOT}/Manifest.lock",
			);
			name = "[CP] Check Pods Manifest.lock";
			outputPaths = (
				"$(DERIVED_FILE_DIR)/Pods-Get Shit Done-checkManifestLockResult.txt",
			);
			runOnlyForDeploymentPostprocessing = 0;
			shellPath = /bin/sh;
			shellScript = "diff \"${PODS_PODFILE_DIR_PATH}/Podfile.lock\" \"${PODS_ROOT}/Manifest.lock\" > /dev/null\nif [ $? != 0 ] ; then\n    # print error to STDERR\n    echo \"error: The sandbox is not in sync with the Podfile.lock. Run 'pod install' or update your CocoaPods installation.\" >&2\n    exit 1\nfi\n# This output is used by Xcode 'outputs' to avoid re-running this script phase.\necho \"SUCCESS\" > \"${SCRIPT_OUTPUT_FILE_0}\"\n";
			showEnvVarsInLog = 0;
		};
/* End PBXShellScriptBuildPhase section */

/* Begin PBXSourcesBuildPhase section */
		7A026A76209BD7D200479E65 /* Sources */ = {
			isa = PBXSourcesBuildPhase;
			buildActionMask = 2147483647;
			files = (
				7A459FF920BD20B200AA63FA /* Item.swift in Sources */,
				7A6A357120AD7F0400559BA4 /* CategoryViewController.swift in Sources */,
				7A026A80209BD7D200479E65 /* TodoListViewController.swift in Sources */,
				7A026A7E209BD7D200479E65 /* AppDelegate.swift in Sources */,
				7A459FFB20BD20BC00AA63FA /* Category.swift in Sources */,
			);
			runOnlyForDeploymentPostprocessing = 0;
		};
/* End PBXSourcesBuildPhase section */

/* Begin PBXVariantGroup section */
		7A026A81209BD7D200479E65 /* Main.storyboard */ = {
			isa = PBXVariantGroup;
			children = (
				7A026A82209BD7D200479E65 /* Base */,
			);
			name = Main.storyboard;
			sourceTree = "<group>";
		};
		7A026A86209BD7D500479E65 /* LaunchScreen.storyboard */ = {
			isa = PBXVariantGroup;
			children = (
				7A026A87209BD7D500479E65 /* Base */,
			);
			name = LaunchScreen.storyboard;
			sourceTree = "<group>";
		};
/* End PBXVariantGroup section */

/* Begin XCBuildConfiguration section */
		7A026A8A209BD7D500479E65 /* Debug */ = {
			isa = XCBuildConfiguration;
			buildSettings = {
				ALWAYS_SEARCH_USER_PATHS = NO;
				CLANG_ANALYZER_NONNULL = YES;
				CLANG_ANALYZER_NUMBER_OBJECT_CONVERSION = YES_AGGRESSIVE;
				CLANG_CXX_LANGUAGE_STANDARD = "gnu++14";
				CLANG_CXX_LIBRARY = "libc++";
				CLANG_ENABLE_MODULES = YES;
				CLANG_ENABLE_OBJC_ARC = YES;
				CLANG_ENABLE_OBJC_WEAK = YES;
				CLANG_WARN_BLOCK_CAPTURE_AUTORELEASING = YES;
				CLANG_WARN_BOOL_CONVERSION = YES;
				CLANG_WARN_COMMA = YES;
				CLANG_WARN_CONSTANT_CONVERSION = YES;
				CLANG_WARN_DEPRECATED_OBJC_IMPLEMENTATIONS = YES;
				CLANG_WARN_DIRECT_OBJC_ISA_USAGE = YES_ERROR;
				CLANG_WARN_DOCUMENTATION_COMMENTS = YES;
				CLANG_WARN_EMPTY_BODY = YES;
				CLANG_WARN_ENUM_CONVERSION = YES;
				CLANG_WARN_INFINITE_RECURSION = YES;
				CLANG_WARN_INT_CONVERSION = YES;
				CLANG_WARN_NON_LITERAL_NULL_CONVERSION = YES;
				CLANG_WARN_OBJC_IMPLICIT_RETAIN_SELF = YES;
				CLANG_WARN_OBJC_LITERAL_CONVERSION = YES;
				CLANG_WARN_OBJC_ROOT_CLASS = YES_ERROR;
				CLANG_WARN_RANGE_LOOP_ANALYSIS = YES;
				CLANG_WARN_STRICT_PROTOTYPES = YES;
				CLANG_WARN_SUSPICIOUS_MOVE = YES;
				CLANG_WARN_UNGUARDED_AVAILABILITY = YES_AGGRESSIVE;
				CLANG_WARN_UNREACHABLE_CODE = YES;
				CLANG_WARN__DUPLICATE_METHOD_MATCH = YES;
				CODE_SIGN_IDENTITY = "iPhone Developer";
				COPY_PHASE_STRIP = NO;
				DEBUG_INFORMATION_FORMAT = dwarf;
				ENABLE_STRICT_OBJC_MSGSEND = YES;
				ENABLE_TESTABILITY = YES;
				GCC_C_LANGUAGE_STANDARD = gnu11;
				GCC_DYNAMIC_NO_PIC = NO;
				GCC_NO_COMMON_BLOCKS = YES;
				GCC_OPTIMIZATION_LEVEL = 0;
				GCC_PREPROCESSOR_DEFINITIONS = (
					"DEBUG=1",
					"$(inherited)",
				);
				GCC_WARN_64_TO_32_BIT_CONVERSION = YES;
				GCC_WARN_ABOUT_RETURN_TYPE = YES_ERROR;
				GCC_WARN_UNDECLARED_SELECTOR = YES;
				GCC_WARN_UNINITIALIZED_AUTOS = YES_AGGRESSIVE;
				GCC_WARN_UNUSED_FUNCTION = YES;
				GCC_WARN_UNUSED_VARIABLE = YES;
				IPHONEOS_DEPLOYMENT_TARGET = 11.3;
				MTL_ENABLE_DEBUG_INFO = YES;
				ONLY_ACTIVE_ARCH = YES;
				SDKROOT = iphoneos;
				SWIFT_ACTIVE_COMPILATION_CONDITIONS = DEBUG;
				SWIFT_OPTIMIZATION_LEVEL = "-Onone";
			};
			name = Debug;
		};
		7A026A8B209BD7D500479E65 /* Release */ = {
			isa = XCBuildConfiguration;
			buildSettings = {
				ALWAYS_SEARCH_USER_PATHS = NO;
				CLANG_ANALYZER_NONNULL = YES;
				CLANG_ANALYZER_NUMBER_OBJECT_CONVERSION = YES_AGGRESSIVE;
				CLANG_CXX_LANGUAGE_STANDARD = "gnu++14";
				CLANG_CXX_LIBRARY = "libc++";
				CLANG_ENABLE_MODULES = YES;
				CLANG_ENABLE_OBJC_ARC = YES;
				CLANG_ENABLE_OBJC_WEAK = YES;
				CLANG_WARN_BLOCK_CAPTURE_AUTORELEASING = YES;
				CLANG_WARN_BOOL_CONVERSION = YES;
				CLANG_WARN_COMMA = YES;
				CLANG_WARN_CONSTANT_CONVERSION = YES;
				CLANG_WARN_DEPRECATED_OBJC_IMPLEMENTATIONS = YES;
				CLANG_WARN_DIRECT_OBJC_ISA_USAGE = YES_ERROR;
				CLANG_WARN_DOCUMENTATION_COMMENTS = YES;
				CLANG_WARN_EMPTY_BODY = YES;
				CLANG_WARN_ENUM_CONVERSION = YES;
				CLANG_WARN_INFINITE_RECURSION = YES;
				CLANG_WARN_INT_CONVERSION = YES;
				CLANG_WARN_NON_LITERAL_NULL_CONVERSION = YES;
				CLANG_WARN_OBJC_IMPLICIT_RETAIN_SELF = YES;
				CLANG_WARN_OBJC_LITERAL_CONVERSION = YES;
				CLANG_WARN_OBJC_ROOT_CLASS = YES_ERROR;
				CLANG_WARN_RANGE_LOOP_ANALYSIS = YES;
				CLANG_WARN_STRICT_PROTOTYPES = YES;
				CLANG_WARN_SUSPICIOUS_MOVE = YES;
				CLANG_WARN_UNGUARDED_AVAILABILITY = YES_AGGRESSIVE;
				CLANG_WARN_UNREACHABLE_CODE = YES;
				CLANG_WARN__DUPLICATE_METHOD_MATCH = YES;
				CODE_SIGN_IDENTITY = "iPhone Developer";
				COPY_PHASE_STRIP = NO;
				DEBUG_INFORMATION_FORMAT = "dwarf-with-dsym";
				ENABLE_NS_ASSERTIONS = NO;
				ENABLE_STRICT_OBJC_MSGSEND = YES;
				GCC_C_LANGUAGE_STANDARD = gnu11;
				GCC_NO_COMMON_BLOCKS = YES;
				GCC_WARN_64_TO_32_BIT_CONVERSION = YES;
				GCC_WARN_ABOUT_RETURN_TYPE = YES_ERROR;
				GCC_WARN_UNDECLARED_SELECTOR = YES;
				GCC_WARN_UNINITIALIZED_AUTOS = YES_AGGRESSIVE;
				GCC_WARN_UNUSED_FUNCTION = YES;
				GCC_WARN_UNUSED_VARIABLE = YES;
				IPHONEOS_DEPLOYMENT_TARGET = 11.3;
				MTL_ENABLE_DEBUG_INFO = NO;
				SDKROOT = iphoneos;
				SWIFT_COMPILATION_MODE = wholemodule;
				SWIFT_OPTIMIZATION_LEVEL = "-O";
				VALIDATE_PRODUCT = YES;
			};
			name = Release;
		};
		7A026A8D209BD7D500479E65 /* Debug */ = {
			isa = XCBuildConfiguration;
			baseConfigurationReference = 8464F08CF7C86E3240352592 /* Pods-Get Shit Done.debug.xcconfig */;
			buildSettings = {
				ASSETCATALOG_COMPILER_APPICON_NAME = AppIcon;
				CODE_SIGN_STYLE = Automatic;
				DEVELOPMENT_TEAM = TF6SY5Q53R;
				INFOPLIST_FILE = "Get Shit Done/Info.plist";
				LD_RUNPATH_SEARCH_PATHS = (
					"$(inherited)",
					"@executable_path/Frameworks",
				);
				PRODUCT_BUNDLE_IDENTIFIER = "com.madisonstanfordgeromel.Get-Shit-Done";
				PRODUCT_NAME = "$(TARGET_NAME)";
				SWIFT_VERSION = 4.0;
				TARGETED_DEVICE_FAMILY = "1,2";
			};
			name = Debug;
		};
		7A026A8E209BD7D500479E65 /* Release */ = {
			isa = XCBuildConfiguration;
			baseConfigurationReference = 531E7FF44977F7BABF4E22BB /* Pods-Get Shit Done.release.xcconfig */;
			buildSettings = {
				ASSETCATALOG_COMPILER_APPICON_NAME = AppIcon;
				CODE_SIGN_STYLE = Automatic;
				DEVELOPMENT_TEAM = TF6SY5Q53R;
				INFOPLIST_FILE = "Get Shit Done/Info.plist";
				LD_RUNPATH_SEARCH_PATHS = (
					"$(inherited)",
					"@executable_path/Frameworks",
				);
				PRODUCT_BUNDLE_IDENTIFIER = "com.madisonstanfordgeromel.Get-Shit-Done";
				PRODUCT_NAME = "$(TARGET_NAME)";
				SWIFT_VERSION = 4.0;
				TARGETED_DEVICE_FAMILY = "1,2";
			};
			name = Release;
		};
/* End XCBuildConfiguration section */

/* Begin XCConfigurationList section */
		7A026A75209BD7D200479E65 /* Build configuration list for PBXProject "Get Shit Done" */ = {
			isa = XCConfigurationList;
			buildConfigurations = (
				7A026A8A209BD7D500479E65 /* Debug */,
				7A026A8B209BD7D500479E65 /* Release */,
			);
			defaultConfigurationIsVisible = 0;
			defaultConfigurationName = Release;
		};
		7A026A8C209BD7D500479E65 /* Build configuration list for PBXNativeTarget "Get Shit Done" */ = {
			isa = XCConfigurationList;
			buildConfigurations = (
				7A026A8D209BD7D500479E65 /* Debug */,
				7A026A8E209BD7D500479E65 /* Release */,
			);
			defaultConfigurationIsVisible = 0;
			defaultConfigurationName = Release;
		};
/* End XCConfigurationList section */
	};
	rootObject = 7A026A72209BD7D200479E65 /* Project object */;
}
